// !$*UTF8*$!
{
	archiveVersion = 1;
	classes = {
	};
	objectVersion = 46;
	objects = {

/* Begin PBXBuildFile section */
		38A185C4195B380600EC1973 /* credentials.json in Resources */ = {isa = PBXBuildFile; fileRef = 38A185C3195B380600EC1973 /* credentials.json */; };
		38AF636F195D533F00B60C52 /* CognitoTestUtils.m in Sources */ = {isa = PBXBuildFile; fileRef = 38AF636E195D533F00B60C52 /* CognitoTestUtils.m */; };
		39F547C9480129AB92BD71D5 /* libPods.a in Frameworks */ = {isa = PBXBuildFile; fileRef = 9FCC7E83DAE072BEB23EDEC0 /* libPods.a */; };
		CE0901B31A8953830025F37C /* libAWSiOSSDKCognitoSync.a in Frameworks */ = {isa = PBXBuildFile; fileRef = CE6B64F6195907FD00A79407 /* libAWSiOSSDKCognitoSync.a */; };
		CE6B64FA195907FD00A79407 /* Foundation.framework in Frameworks */ = {isa = PBXBuildFile; fileRef = CE6B64F9195907FD00A79407 /* Foundation.framework */; };
		CE6B6509195907FD00A79407 /* Foundation.framework in Frameworks */ = {isa = PBXBuildFile; fileRef = CE6B64F9195907FD00A79407 /* Foundation.framework */; };
		CE6B6514195907FD00A79407 /* InfoPlist.strings in Resources */ = {isa = PBXBuildFile; fileRef = CE6B6512195907FD00A79407 /* InfoPlist.strings */; };
		CE6B654C1959093A00A79407 /* AWSCognito.m in Sources */ = {isa = PBXBuildFile; fileRef = CE6B65211959093A00A79407 /* AWSCognito.m */; };
		CE6B654E1959093A00A79407 /* AWSCognitoConflict.m in Sources */ = {isa = PBXBuildFile; fileRef = CE6B65251959093A00A79407 /* AWSCognitoConflict.m */; };
		CE6B654F1959093A00A79407 /* AWSCognitoDataset.m in Sources */ = {isa = PBXBuildFile; fileRef = CE6B65281959093A00A79407 /* AWSCognitoDataset.m */; };
		CE6B65501959093A00A79407 /* AWSCognitoRecord.m in Sources */ = {isa = PBXBuildFile; fileRef = CE6B652A1959093A00A79407 /* AWSCognitoRecord.m */; };
		CE6B65541959093A00A79407 /* AWSCognitoConstants.m in Sources */ = {isa = PBXBuildFile; fileRef = CE6B65351959093A00A79407 /* AWSCognitoConstants.m */; };
		CE6B65561959093A00A79407 /* AWSCognitoSQLiteManager.m in Sources */ = {isa = PBXBuildFile; fileRef = CE6B653E1959093A00A79407 /* AWSCognitoSQLiteManager.m */; };
		CE6B65571959093A00A79407 /* AWSCognitoUtil.m in Sources */ = {isa = PBXBuildFile; fileRef = CE6B65401959093A00A79407 /* AWSCognitoUtil.m */; };
		CE6B655E19590AE300A79407 /* AmazonCognitoSqliteManagerTests.m in Sources */ = {isa = PBXBuildFile; fileRef = CE6B655B19590AE300A79407 /* AmazonCognitoSqliteManagerTests.m */; };
		CE6B655F19590AE300A79407 /* AWSCognitoClientTest.m in Sources */ = {isa = PBXBuildFile; fileRef = CE6B655C19590AE300A79407 /* AWSCognitoClientTest.m */; };
		CE6B656019590AE300A79407 /* AWSCognitoSyncServiceTests.m in Sources */ = {isa = PBXBuildFile; fileRef = CE6B655D19590AE300A79407 /* AWSCognitoSyncServiceTests.m */; };
		CE6B656619590D6E00A79407 /* UIKit.framework in Frameworks */ = {isa = PBXBuildFile; fileRef = CE6B656519590D6E00A79407 /* UIKit.framework */; };
		CE6B656A19590EFF00A79407 /* SystemConfiguration.framework in Frameworks */ = {isa = PBXBuildFile; fileRef = CE6B656919590EFF00A79407 /* SystemConfiguration.framework */; };
		CE7635D019BFAF27005FD5D0 /* css-2014-06-30.json in Resources */ = {isa = PBXBuildFile; fileRef = CE7635CF19BFAF21005FD5D0 /* css-2014-06-30.json */; };
		CEAE06311A0C153C00338961 /* Security.framework in Frameworks */ = {isa = PBXBuildFile; fileRef = CEAE06301A0C153C00338961 /* Security.framework */; };
		CEB7176419BFB2E2005D64F4 /* AWSCognitoSync.m in Sources */ = {isa = PBXBuildFile; fileRef = CE7635CB19BFAF21005FD5D0 /* AWSCognitoSync.m */; };
		CEB7176519BFB2E2005D64F4 /* AWSCognitoSyncModel.m in Sources */ = {isa = PBXBuildFile; fileRef = CE7635CD19BFAF21005FD5D0 /* AWSCognitoSyncModel.m */; };
		CEEE87FE1A89548200C8F84D /* sts-2011-06-15.json in Resources */ = {isa = PBXBuildFile; fileRef = CEEE87FD1A89548200C8F84D /* sts-2011-06-15.json */; };
		CEEE88001A89548D00C8F84D /* cognito-identity-2014-06-30.json in Resources */ = {isa = PBXBuildFile; fileRef = CEEE87FF1A89548D00C8F84D /* cognito-identity-2014-06-30.json */; };
		CEEE88021A89549E00C8F84D /* mobileanalytics-2014-06-30.json in Resources */ = {isa = PBXBuildFile; fileRef = CEEE88011A89549E00C8F84D /* mobileanalytics-2014-06-30.json */; };
		CEF7BC741A37D207005E543A /* libz.dylib in Frameworks */ = {isa = PBXBuildFile; fileRef = CE6A80241A0C2B6600F7D425 /* libz.dylib */; };
		CEF7BC751A37D20C005E543A /* libsqlite3.dylib in Frameworks */ = {isa = PBXBuildFile; fileRef = CE6A80261A0C2B6C00F7D425 /* libsqlite3.dylib */; };
/* End PBXBuildFile section */

/* Begin PBXContainerItemProxy section */
		CE6B650C195907FD00A79407 /* PBXContainerItemProxy */ = {
			isa = PBXContainerItemProxy;
			containerPortal = CE6B64EE195907FD00A79407 /* Project object */;
			proxyType = 1;
			remoteGlobalIDString = CE6B64F5195907FD00A79407;
			remoteInfo = AWSiOSSDKCognitoSync;
		};
/* End PBXContainerItemProxy section */

/* Begin PBXCopyFilesBuildPhase section */
		CE6B64F4195907FD00A79407 /* CopyFiles */ = {
			isa = PBXCopyFilesBuildPhase;
			buildActionMask = 2147483647;
			dstPath = "include/$(PRODUCT_NAME)";
			dstSubfolderSpec = 16;
			files = (
			);
			runOnlyForDeploymentPostprocessing = 0;
		};
/* End PBXCopyFilesBuildPhase section */

/* Begin PBXFileReference section */
		38A185C3195B380600EC1973 /* credentials.json */ = {isa = PBXFileReference; fileEncoding = 4; lastKnownFileType = text.json; path = credentials.json; sourceTree = "<group>"; };
		38A185C5195B65E400EC1973 /* AWSCognitoHandlers.h */ = {isa = PBXFileReference; lastKnownFileType = sourcecode.c.h; path = AWSCognitoHandlers.h; sourceTree = "<group>"; };
		38AF636D195D533F00B60C52 /* CognitoTestUtils.h */ = {isa = PBXFileReference; fileEncoding = 4; lastKnownFileType = sourcecode.c.h; path = CognitoTestUtils.h; sourceTree = "<group>"; };
		38AF636E195D533F00B60C52 /* CognitoTestUtils.m */ = {isa = PBXFileReference; fileEncoding = 4; lastKnownFileType = sourcecode.c.objc; path = CognitoTestUtils.m; sourceTree = "<group>"; };
		9AD32F920757FD1B6EB1CE95 /* Pods.debug.xcconfig */ = {isa = PBXFileReference; includeInIndex = 1; lastKnownFileType = text.xcconfig; name = Pods.debug.xcconfig; path = "Pods/Target Support Files/Pods/Pods.debug.xcconfig"; sourceTree = "<group>"; };
		9FCC7E83DAE072BEB23EDEC0 /* libPods.a */ = {isa = PBXFileReference; explicitFileType = archive.ar; includeInIndex = 0; path = libPods.a; sourceTree = BUILT_PRODUCTS_DIR; };
		BDBCADE00CC979EA54574528 /* Pods.release.xcconfig */ = {isa = PBXFileReference; includeInIndex = 1; lastKnownFileType = text.xcconfig; name = Pods.release.xcconfig; path = "Pods/Target Support Files/Pods/Pods.release.xcconfig"; sourceTree = "<group>"; };
		CE0901B11A8952F90025F37C /* libPods.a */ = {isa = PBXFileReference; lastKnownFileType = archive.ar; name = libPods.a; path = "Pods/build/Debug-iphoneos/libPods.a"; sourceTree = "<group>"; };
		CE6A80221A0C2B6000F7D425 /* libPods.a */ = {isa = PBXFileReference; lastKnownFileType = archive.ar; name = libPods.a; path = "Pods/build/Debug-iphoneos/libPods.a"; sourceTree = "<group>"; };
		CE6A80241A0C2B6600F7D425 /* libz.dylib */ = {isa = PBXFileReference; lastKnownFileType = "compiled.mach-o.dylib"; name = libz.dylib; path = usr/lib/libz.dylib; sourceTree = SDKROOT; };
		CE6A80261A0C2B6C00F7D425 /* libsqlite3.dylib */ = {isa = PBXFileReference; lastKnownFileType = "compiled.mach-o.dylib"; name = libsqlite3.dylib; path = usr/lib/libsqlite3.dylib; sourceTree = SDKROOT; };
		CE6B64F6195907FD00A79407 /* libAWSiOSSDKCognitoSync.a */ = {isa = PBXFileReference; explicitFileType = archive.ar; includeInIndex = 0; path = libAWSiOSSDKCognitoSync.a; sourceTree = BUILT_PRODUCTS_DIR; };
		CE6B64F9195907FD00A79407 /* Foundation.framework */ = {isa = PBXFileReference; lastKnownFileType = wrapper.framework; name = Foundation.framework; path = System/Library/Frameworks/Foundation.framework; sourceTree = SDKROOT; };
		CE6B64FD195907FD00A79407 /* AWSiOSSDKCognitoSync-Prefix.pch */ = {isa = PBXFileReference; lastKnownFileType = sourcecode.c.h; path = "AWSiOSSDKCognitoSync-Prefix.pch"; sourceTree = "<group>"; };
		CE6B6506195907FD00A79407 /* AWSiOSSDKCognitoSyncTests.xctest */ = {isa = PBXFileReference; explicitFileType = wrapper.cfbundle; includeInIndex = 0; path = AWSiOSSDKCognitoSyncTests.xctest; sourceTree = BUILT_PRODUCTS_DIR; };
		CE6B6507195907FD00A79407 /* XCTest.framework */ = {isa = PBXFileReference; lastKnownFileType = wrapper.framework; name = XCTest.framework; path = Library/Frameworks/XCTest.framework; sourceTree = DEVELOPER_DIR; };
		CE6B6511195907FD00A79407 /* AWSiOSSDKCognitoSyncTests-Info.plist */ = {isa = PBXFileReference; lastKnownFileType = text.plist.xml; path = "AWSiOSSDKCognitoSyncTests-Info.plist"; sourceTree = "<group>"; };
		CE6B6513195907FD00A79407 /* en */ = {isa = PBXFileReference; lastKnownFileType = text.plist.strings; name = en; path = en.lproj/InfoPlist.strings; sourceTree = "<group>"; };
		CE6B65201959093A00A79407 /* AWSCognito.h */ = {isa = PBXFileReference; fileEncoding = 4; lastKnownFileType = sourcecode.c.h; path = AWSCognito.h; sourceTree = "<group>"; };
		CE6B65211959093A00A79407 /* AWSCognito.m */ = {isa = PBXFileReference; fileEncoding = 4; lastKnownFileType = sourcecode.c.objc; path = AWSCognito.m; sourceTree = "<group>"; };
		CE6B65241959093A00A79407 /* AWSCognitoConflict.h */ = {isa = PBXFileReference; fileEncoding = 4; lastKnownFileType = sourcecode.c.h; path = AWSCognitoConflict.h; sourceTree = "<group>"; };
		CE6B65251959093A00A79407 /* AWSCognitoConflict.m */ = {isa = PBXFileReference; fileEncoding = 4; lastKnownFileType = sourcecode.c.objc; path = AWSCognitoConflict.m; sourceTree = "<group>"; };
		CE6B65271959093A00A79407 /* AWSCognitoDataset.h */ = {isa = PBXFileReference; fileEncoding = 4; lastKnownFileType = sourcecode.c.h; path = AWSCognitoDataset.h; sourceTree = "<group>"; };
		CE6B65281959093A00A79407 /* AWSCognitoDataset.m */ = {isa = PBXFileReference; fileEncoding = 4; lastKnownFileType = sourcecode.c.objc; path = AWSCognitoDataset.m; sourceTree = "<group>"; };
		CE6B65291959093A00A79407 /* AWSCognitoRecord.h */ = {isa = PBXFileReference; fileEncoding = 4; lastKnownFileType = sourcecode.c.h; path = AWSCognitoRecord.h; sourceTree = "<group>"; };
		CE6B652A1959093A00A79407 /* AWSCognitoRecord.m */ = {isa = PBXFileReference; fileEncoding = 4; lastKnownFileType = sourcecode.c.objc; path = AWSCognitoRecord.m; sourceTree = "<group>"; };
		CE6B65311959093A00A79407 /* Cognito.h */ = {isa = PBXFileReference; fileEncoding = 4; lastKnownFileType = sourcecode.c.h; path = Cognito.h; sourceTree = "<group>"; };
		CE6B65331959093A00A79407 /* AWSCognitoConflict_Internal.h */ = {isa = PBXFileReference; fileEncoding = 4; lastKnownFileType = sourcecode.c.h; path = AWSCognitoConflict_Internal.h; sourceTree = "<group>"; };
		CE6B65341959093A00A79407 /* AWSCognitoConstants.h */ = {isa = PBXFileReference; fileEncoding = 4; lastKnownFileType = sourcecode.c.h; path = AWSCognitoConstants.h; sourceTree = "<group>"; };
		CE6B65351959093A00A79407 /* AWSCognitoConstants.m */ = {isa = PBXFileReference; fileEncoding = 4; lastKnownFileType = sourcecode.c.objc; path = AWSCognitoConstants.m; sourceTree = "<group>"; };
		CE6B65361959093A00A79407 /* AWSCognitoDataset_Internal.h */ = {isa = PBXFileReference; fileEncoding = 4; lastKnownFileType = sourcecode.c.h; lineEnding = 0; path = AWSCognitoDataset_Internal.h; sourceTree = "<group>"; xcLanguageSpecificationIdentifier = xcode.lang.objcpp; };
		CE6B65391959093A00A79407 /* AWSCognitoRecord_Internal.h */ = {isa = PBXFileReference; fileEncoding = 4; lastKnownFileType = sourcecode.c.h; path = AWSCognitoRecord_Internal.h; sourceTree = "<group>"; };
		CE6B653D1959093A00A79407 /* AWSCognitoSQLiteManager.h */ = {isa = PBXFileReference; fileEncoding = 4; lastKnownFileType = sourcecode.c.h; path = AWSCognitoSQLiteManager.h; sourceTree = "<group>"; };
		CE6B653E1959093A00A79407 /* AWSCognitoSQLiteManager.m */ = {isa = PBXFileReference; fileEncoding = 4; lastKnownFileType = sourcecode.c.objc; path = AWSCognitoSQLiteManager.m; sourceTree = "<group>"; };
		CE6B653F1959093A00A79407 /* AWSCognitoUtil.h */ = {isa = PBXFileReference; fileEncoding = 4; lastKnownFileType = sourcecode.c.h; path = AWSCognitoUtil.h; sourceTree = "<group>"; };
		CE6B65401959093A00A79407 /* AWSCognitoUtil.m */ = {isa = PBXFileReference; fileEncoding = 4; lastKnownFileType = sourcecode.c.objc; path = AWSCognitoUtil.m; sourceTree = "<group>"; };
		CE6B655B19590AE300A79407 /* AmazonCognitoSqliteManagerTests.m */ = {isa = PBXFileReference; fileEncoding = 4; lastKnownFileType = sourcecode.c.objc; path = AmazonCognitoSqliteManagerTests.m; sourceTree = "<group>"; };
		CE6B655C19590AE300A79407 /* AWSCognitoClientTest.m */ = {isa = PBXFileReference; fileEncoding = 4; lastKnownFileType = sourcecode.c.objc; lineEnding = 0; path = AWSCognitoClientTest.m; sourceTree = "<group>"; xcLanguageSpecificationIdentifier = xcode.lang.objc; };
		CE6B655D19590AE300A79407 /* AWSCognitoSyncServiceTests.m */ = {isa = PBXFileReference; fileEncoding = 4; lastKnownFileType = sourcecode.c.objc; lineEnding = 0; path = AWSCognitoSyncServiceTests.m; sourceTree = "<group>"; xcLanguageSpecificationIdentifier = xcode.lang.objc; };
		CE6B656219590BB600A79407 /* AWSiOSSDKCognitoSyncTests-Prefix.pch */ = {isa = PBXFileReference; lastKnownFileType = sourcecode.c.h; path = "AWSiOSSDKCognitoSyncTests-Prefix.pch"; sourceTree = "<group>"; };
		CE6B656519590D6E00A79407 /* UIKit.framework */ = {isa = PBXFileReference; lastKnownFileType = wrapper.framework; name = UIKit.framework; path = System/Library/Frameworks/UIKit.framework; sourceTree = SDKROOT; };
		CE6B656919590EFF00A79407 /* SystemConfiguration.framework */ = {isa = PBXFileReference; lastKnownFileType = wrapper.framework; name = SystemConfiguration.framework; path = System/Library/Frameworks/SystemConfiguration.framework; sourceTree = SDKROOT; };
		CE7635CA19BFAF21005FD5D0 /* AWSCognitoSync.h */ = {isa = PBXFileReference; lastKnownFileType = sourcecode.c.h; path = AWSCognitoSync.h; sourceTree = "<group>"; };
		CE7635CB19BFAF21005FD5D0 /* AWSCognitoSync.m */ = {isa = PBXFileReference; lastKnownFileType = sourcecode.c.objc; lineEnding = 0; path = AWSCognitoSync.m; sourceTree = "<group>"; xcLanguageSpecificationIdentifier = xcode.lang.objc; };
		CE7635CC19BFAF21005FD5D0 /* AWSCognitoSyncModel.h */ = {isa = PBXFileReference; lastKnownFileType = sourcecode.c.h; path = AWSCognitoSyncModel.h; sourceTree = "<group>"; };
		CE7635CD19BFAF21005FD5D0 /* AWSCognitoSyncModel.m */ = {isa = PBXFileReference; lastKnownFileType = sourcecode.c.objc; path = AWSCognitoSyncModel.m; sourceTree = "<group>"; };
		CE7635CF19BFAF21005FD5D0 /* css-2014-06-30.json */ = {isa = PBXFileReference; lastKnownFileType = text.json; lineEnding = 0; path = "css-2014-06-30.json"; sourceTree = "<group>"; };
		CE7635D119BFAF8E005FD5D0 /* CognitoSync.h */ = {isa = PBXFileReference; fileEncoding = 4; lastKnownFileType = sourcecode.c.h; path = CognitoSync.h; sourceTree = "<group>"; };
		CEAE06301A0C153C00338961 /* Security.framework */ = {isa = PBXFileReference; lastKnownFileType = wrapper.framework; name = Security.framework; path = System/Library/Frameworks/Security.framework; sourceTree = SDKROOT; };
		CEEE87FD1A89548200C8F84D /* sts-2011-06-15.json */ = {isa = PBXFileReference; fileEncoding = 4; lastKnownFileType = text.json; name = "sts-2011-06-15.json"; path = "Pods/AWSiOSSDKv2/AWSCore/STS/Resources/sts-2011-06-15.json"; sourceTree = SOURCE_ROOT; };
		CEEE87FF1A89548D00C8F84D /* cognito-identity-2014-06-30.json */ = {isa = PBXFileReference; fileEncoding = 4; lastKnownFileType = text.json; name = "cognito-identity-2014-06-30.json"; path = "Pods/AWSiOSSDKv2/AWSCore/CognitoIdentity/Resources/cognito-identity-2014-06-30.json"; sourceTree = SOURCE_ROOT; };
		CEEE88011A89549E00C8F84D /* mobileanalytics-2014-06-30.json */ = {isa = PBXFileReference; fileEncoding = 4; lastKnownFileType = text.json; name = "mobileanalytics-2014-06-30.json"; path = "Pods/AWSiOSSDKv2/AWSCore/MobileAnalyticsERS/Resources/mobileanalytics-2014-06-30.json"; sourceTree = SOURCE_ROOT; };
/* End PBXFileReference section */

/* Begin PBXFrameworksBuildPhase section */
		CE6B64F3195907FD00A79407 /* Frameworks */ = {
			isa = PBXFrameworksBuildPhase;
			buildActionMask = 2147483647;
			files = (
				CE6B64FA195907FD00A79407 /* Foundation.framework in Frameworks */,
				39F547C9480129AB92BD71D5 /* libPods.a in Frameworks */,
			);
			runOnlyForDeploymentPostprocessing = 0;
		};
		CE6B6503195907FD00A79407 /* Frameworks */ = {
			isa = PBXFrameworksBuildPhase;
			buildActionMask = 2147483647;
			files = (
				CE0901B31A8953830025F37C /* libAWSiOSSDKCognitoSync.a in Frameworks */,
				CEF7BC751A37D20C005E543A /* libsqlite3.dylib in Frameworks */,
				CEF7BC741A37D207005E543A /* libz.dylib in Frameworks */,
				CEAE06311A0C153C00338961 /* Security.framework in Frameworks */,
				CE6B656A19590EFF00A79407 /* SystemConfiguration.framework in Frameworks */,
				CE6B656619590D6E00A79407 /* UIKit.framework in Frameworks */,
				CE6B6509195907FD00A79407 /* Foundation.framework in Frameworks */,
			);
			runOnlyForDeploymentPostprocessing = 0;
		};
/* End PBXFrameworksBuildPhase section */

/* Begin PBXGroup section */
		380A73C6195A24B300001C29 /* ResourcesFromPods */ = {
			isa = PBXGroup;
			children = (
				CEEE88011A89549E00C8F84D /* mobileanalytics-2014-06-30.json */,
				CEEE87FF1A89548D00C8F84D /* cognito-identity-2014-06-30.json */,
				CEEE87FD1A89548200C8F84D /* sts-2011-06-15.json */,
			);
			name = ResourcesFromPods;
			sourceTree = "<group>";
		};
		9FAA7F8CB23438B6E27153D5 /* Pods */ = {
			isa = PBXGroup;
			children = (
				9AD32F920757FD1B6EB1CE95 /* Pods.debug.xcconfig */,
				BDBCADE00CC979EA54574528 /* Pods.release.xcconfig */,
			);
			name = Pods;
			sourceTree = "<group>";
		};
		CE6B64ED195907FD00A79407 = {
			isa = PBXGroup;
			children = (
				CE6B651F1959093A00A79407 /* Cognito */,
				CE6B64FC195907FD00A79407 /* Supporting Files */,
				CE6B650F195907FD00A79407 /* AWSiOSSDKCognitoSyncTests */,
				CE6B64F8195907FD00A79407 /* Frameworks */,
				CE6B64F7195907FD00A79407 /* Products */,
				9FAA7F8CB23438B6E27153D5 /* Pods */,
			);
			sourceTree = "<group>";
		};
		CE6B64F7195907FD00A79407 /* Products */ = {
			isa = PBXGroup;
			children = (
				CE6B64F6195907FD00A79407 /* libAWSiOSSDKCognitoSync.a */,
				CE6B6506195907FD00A79407 /* AWSiOSSDKCognitoSyncTests.xctest */,
			);
			name = Products;
			sourceTree = "<group>";
		};
		CE6B64F8195907FD00A79407 /* Frameworks */ = {
			isa = PBXGroup;
			children = (
				CE0901B11A8952F90025F37C /* libPods.a */,
				CE6A80261A0C2B6C00F7D425 /* libsqlite3.dylib */,
				CE6A80241A0C2B6600F7D425 /* libz.dylib */,
				CE6A80221A0C2B6000F7D425 /* libPods.a */,
				CEAE06301A0C153C00338961 /* Security.framework */,
				CE6B656919590EFF00A79407 /* SystemConfiguration.framework */,
				CE6B656519590D6E00A79407 /* UIKit.framework */,
				CE6B64F9195907FD00A79407 /* Foundation.framework */,
				CE6B6507195907FD00A79407 /* XCTest.framework */,
				9FCC7E83DAE072BEB23EDEC0 /* libPods.a */,
			);
			name = Frameworks;
			sourceTree = "<group>";
		};
		CE6B64FC195907FD00A79407 /* Supporting Files */ = {
			isa = PBXGroup;
			children = (
				CE6B64FD195907FD00A79407 /* AWSiOSSDKCognitoSync-Prefix.pch */,
			);
			name = "Supporting Files";
			path = AWSiOSSDKCognitoSync;
			sourceTree = "<group>";
		};
		CE6B650F195907FD00A79407 /* AWSiOSSDKCognitoSyncTests */ = {
			isa = PBXGroup;
			children = (
				380A73C6195A24B300001C29 /* ResourcesFromPods */,
				38AF636D195D533F00B60C52 /* CognitoTestUtils.h */,
				38AF636E195D533F00B60C52 /* CognitoTestUtils.m */,
				CE6B655B19590AE300A79407 /* AmazonCognitoSqliteManagerTests.m */,
				CE6B655C19590AE300A79407 /* AWSCognitoClientTest.m */,
				CE6B655D19590AE300A79407 /* AWSCognitoSyncServiceTests.m */,
				CE6B6510195907FD00A79407 /* Supporting Files */,
			);
			path = AWSiOSSDKCognitoSyncTests;
			sourceTree = "<group>";
		};
		CE6B6510195907FD00A79407 /* Supporting Files */ = {
			isa = PBXGroup;
			children = (
				38A185C3195B380600EC1973 /* credentials.json */,
				CE6B6511195907FD00A79407 /* AWSiOSSDKCognitoSyncTests-Info.plist */,
				CE6B6512195907FD00A79407 /* InfoPlist.strings */,
				CE6B656219590BB600A79407 /* AWSiOSSDKCognitoSyncTests-Prefix.pch */,
			);
			name = "Supporting Files";
			sourceTree = "<group>";
		};
		CE6B651F1959093A00A79407 /* Cognito */ = {
			isa = PBXGroup;
			children = (
				CE6B65311959093A00A79407 /* Cognito.h */,
				CE6B65201959093A00A79407 /* AWSCognito.h */,
				CE6B65211959093A00A79407 /* AWSCognito.m */,
				CE6B65241959093A00A79407 /* AWSCognitoConflict.h */,
				CE6B65251959093A00A79407 /* AWSCognitoConflict.m */,
				CE6B65271959093A00A79407 /* AWSCognitoDataset.h */,
				CE6B65281959093A00A79407 /* AWSCognitoDataset.m */,
				38A185C5195B65E400EC1973 /* AWSCognitoHandlers.h */,
				CE6B65291959093A00A79407 /* AWSCognitoRecord.h */,
				CE6B652A1959093A00A79407 /* AWSCognitoRecord.m */,
				CE7635C919BFAF21005FD5D0 /* CognitoSync */,
				CE6B65321959093A00A79407 /* Internal */,
			);
			path = Cognito;
			sourceTree = "<group>";
		};
		CE6B65321959093A00A79407 /* Internal */ = {
			isa = PBXGroup;
			children = (
				CE6B65331959093A00A79407 /* AWSCognitoConflict_Internal.h */,
				CE6B65341959093A00A79407 /* AWSCognitoConstants.h */,
				CE6B65351959093A00A79407 /* AWSCognitoConstants.m */,
				CE6B65361959093A00A79407 /* AWSCognitoDataset_Internal.h */,
				CE6B65391959093A00A79407 /* AWSCognitoRecord_Internal.h */,
				CE6B653D1959093A00A79407 /* AWSCognitoSQLiteManager.h */,
				CE6B653E1959093A00A79407 /* AWSCognitoSQLiteManager.m */,
				CE6B653F1959093A00A79407 /* AWSCognitoUtil.h */,
				CE6B65401959093A00A79407 /* AWSCognitoUtil.m */,
			);
			path = Internal;
			sourceTree = "<group>";
		};
		CE7635C919BFAF21005FD5D0 /* CognitoSync */ = {
			isa = PBXGroup;
			children = (
				CE7635D119BFAF8E005FD5D0 /* CognitoSync.h */,
				CE7635CA19BFAF21005FD5D0 /* AWSCognitoSync.h */,
				CE7635CB19BFAF21005FD5D0 /* AWSCognitoSync.m */,
				CE7635CC19BFAF21005FD5D0 /* AWSCognitoSyncModel.h */,
				CE7635CD19BFAF21005FD5D0 /* AWSCognitoSyncModel.m */,
				CE7635CE19BFAF21005FD5D0 /* Resources */,
			);
			path = CognitoSync;
			sourceTree = SOURCE_ROOT;
		};
		CE7635CE19BFAF21005FD5D0 /* Resources */ = {
			isa = PBXGroup;
			children = (
				CE7635CF19BFAF21005FD5D0 /* css-2014-06-30.json */,
			);
			path = Resources;
			sourceTree = "<group>";
		};
/* End PBXGroup section */

/* Begin PBXNativeTarget section */
		CE6B64F5195907FD00A79407 /* AWSiOSSDKCognitoSync */ = {
			isa = PBXNativeTarget;
			buildConfigurationList = CE6B6519195907FD00A79407 /* Build configuration list for PBXNativeTarget "AWSiOSSDKCognitoSync" */;
			buildPhases = (
				C2937C921DC6452A8AF01BEE /* Check Pods Manifest.lock */,
				CE6B64F2195907FD00A79407 /* Sources */,
				CE6B64F3195907FD00A79407 /* Frameworks */,
				CE6B64F4195907FD00A79407 /* CopyFiles */,
				4F4AAA5B8BB24B28B8589207 /* Copy Pods Resources */,
			);
			buildRules = (
			);
			dependencies = (
			);
			name = AWSiOSSDKCognitoSync;
			productName = AWSiOSSDKCognitoSync;
			productReference = CE6B64F6195907FD00A79407 /* libAWSiOSSDKCognitoSync.a */;
			productType = "com.apple.product-type.library.static";
		};
		CE6B6505195907FD00A79407 /* AWSiOSSDKCognitoSyncTests */ = {
			isa = PBXNativeTarget;
			buildConfigurationList = CE6B651C195907FD00A79407 /* Build configuration list for PBXNativeTarget "AWSiOSSDKCognitoSyncTests" */;
			buildPhases = (
				CE6B6502195907FD00A79407 /* Sources */,
				CE6B6503195907FD00A79407 /* Frameworks */,
				CE6B6504195907FD00A79407 /* Resources */,
			);
			buildRules = (
			);
			dependencies = (
				CE6B650D195907FD00A79407 /* PBXTargetDependency */,
			);
			name = AWSiOSSDKCognitoSyncTests;
			productName = AWSiOSSDKCognitoSyncTests;
			productReference = CE6B6506195907FD00A79407 /* AWSiOSSDKCognitoSyncTests.xctest */;
			productType = "com.apple.product-type.bundle.unit-test";
		};
/* End PBXNativeTarget section */

/* Begin PBXProject section */
		CE6B64EE195907FD00A79407 /* Project object */ = {
			isa = PBXProject;
			attributes = {
				LastUpgradeCheck = 0510;
				ORGANIZATIONNAME = "Amazon Web Services";
				TargetAttributes = {
					CE6B6505195907FD00A79407 = {
						TestTargetID = CE6B64F5195907FD00A79407;
					};
				};
			};
			buildConfigurationList = CE6B64F1195907FD00A79407 /* Build configuration list for PBXProject "AWSiOSSDKCognitoSync" */;
			compatibilityVersion = "Xcode 3.2";
			developmentRegion = English;
			hasScannedForEncodings = 0;
			knownRegions = (
				en,
			);
			mainGroup = CE6B64ED195907FD00A79407;
			productRefGroup = CE6B64F7195907FD00A79407 /* Products */;
			projectDirPath = "";
			projectRoot = "";
			targets = (
				CE6B64F5195907FD00A79407 /* AWSiOSSDKCognitoSync */,
				CE6B6505195907FD00A79407 /* AWSiOSSDKCognitoSyncTests */,
			);
		};
/* End PBXProject section */

/* Begin PBXResourcesBuildPhase section */
		CE6B6504195907FD00A79407 /* Resources */ = {
			isa = PBXResourcesBuildPhase;
			buildActionMask = 2147483647;
			files = (
				CEEE87FE1A89548200C8F84D /* sts-2011-06-15.json in Resources */,
				CEEE88001A89548D00C8F84D /* cognito-identity-2014-06-30.json in Resources */,
				CEEE88021A89549E00C8F84D /* mobileanalytics-2014-06-30.json in Resources */,
				38A185C4195B380600EC1973 /* credentials.json in Resources */,
				CE6B6514195907FD00A79407 /* InfoPlist.strings in Resources */,
				CE7635D019BFAF27005FD5D0 /* css-2014-06-30.json in Resources */,
			);
			runOnlyForDeploymentPostprocessing = 0;
		};
/* End PBXResourcesBuildPhase section */

/* Begin PBXShellScriptBuildPhase section */
		4F4AAA5B8BB24B28B8589207 /* Copy Pods Resources */ = {
			isa = PBXShellScriptBuildPhase;
			buildActionMask = 2147483647;
			files = (
			);
			inputPaths = (
			);
			name = "Copy Pods Resources";
			outputPaths = (
			);
			runOnlyForDeploymentPostprocessing = 0;
			shellPath = /bin/sh;
			shellScript = "\"${SRCROOT}/Pods/Target Support Files/Pods/Pods-resources.sh\"\n";
			showEnvVarsInLog = 0;
		};
		C2937C921DC6452A8AF01BEE /* Check Pods Manifest.lock */ = {
			isa = PBXShellScriptBuildPhase;
			buildActionMask = 2147483647;
			files = (
			);
			inputPaths = (
			);
			name = "Check Pods Manifest.lock";
			outputPaths = (
			);
			runOnlyForDeploymentPostprocessing = 0;
			shellPath = /bin/sh;
			shellScript = "diff \"${PODS_ROOT}/../Podfile.lock\" \"${PODS_ROOT}/Manifest.lock\" > /dev/null\nif [[ $? != 0 ]] ; then\n    cat << EOM\nerror: The sandbox is not in sync with the Podfile.lock. Run 'pod install' or update your CocoaPods installation.\nEOM\n    exit 1\nfi\n";
			showEnvVarsInLog = 0;
		};
/* End PBXShellScriptBuildPhase section */

/* Begin PBXSourcesBuildPhase section */
		CE6B64F2195907FD00A79407 /* Sources */ = {
			isa = PBXSourcesBuildPhase;
			buildActionMask = 2147483647;
			files = (
				CEB7176419BFB2E2005D64F4 /* AWSCognitoSync.m in Sources */,
				CEB7176519BFB2E2005D64F4 /* AWSCognitoSyncModel.m in Sources */,
				CE6B65561959093A00A79407 /* AWSCognitoSQLiteManager.m in Sources */,
				CE6B65501959093A00A79407 /* AWSCognitoRecord.m in Sources */,
				CE6B65541959093A00A79407 /* AWSCognitoConstants.m in Sources */,
				CE6B654E1959093A00A79407 /* AWSCognitoConflict.m in Sources */,
				CE6B654F1959093A00A79407 /* AWSCognitoDataset.m in Sources */,
				CE6B654C1959093A00A79407 /* AWSCognito.m in Sources */,
				CE6B65571959093A00A79407 /* AWSCognitoUtil.m in Sources */,
			);
			runOnlyForDeploymentPostprocessing = 0;
		};
		CE6B6502195907FD00A79407 /* Sources */ = {
			isa = PBXSourcesBuildPhase;
			buildActionMask = 2147483647;
			files = (
				CE6B655F19590AE300A79407 /* AWSCognitoClientTest.m in Sources */,
				38AF636F195D533F00B60C52 /* CognitoTestUtils.m in Sources */,
				CE6B656019590AE300A79407 /* AWSCognitoSyncServiceTests.m in Sources */,
				CE6B655E19590AE300A79407 /* AmazonCognitoSqliteManagerTests.m in Sources */,
			);
			runOnlyForDeploymentPostprocessing = 0;
		};
/* End PBXSourcesBuildPhase section */

/* Begin PBXTargetDependency section */
		CE6B650D195907FD00A79407 /* PBXTargetDependency */ = {
			isa = PBXTargetDependency;
			target = CE6B64F5195907FD00A79407 /* AWSiOSSDKCognitoSync */;
			targetProxy = CE6B650C195907FD00A79407 /* PBXContainerItemProxy */;
		};
/* End PBXTargetDependency section */

/* Begin PBXVariantGroup section */
		CE6B6512195907FD00A79407 /* InfoPlist.strings */ = {
			isa = PBXVariantGroup;
			children = (
				CE6B6513195907FD00A79407 /* en */,
			);
			name = InfoPlist.strings;
			sourceTree = "<group>";
		};
/* End PBXVariantGroup section */

/* Begin XCBuildConfiguration section */
		CE6B6517195907FD00A79407 /* Debug */ = {
			isa = XCBuildConfiguration;
			buildSettings = {
				ALWAYS_SEARCH_USER_PATHS = NO;
				CLANG_CXX_LANGUAGE_STANDARD = "gnu++0x";
				CLANG_CXX_LIBRARY = "libc++";
				CLANG_ENABLE_MODULES = YES;
				CLANG_ENABLE_OBJC_ARC = YES;
				CLANG_MODULES_AUTOLINK = NO;
				CLANG_WARN_BOOL_CONVERSION = YES;
				CLANG_WARN_CONSTANT_CONVERSION = YES;
				CLANG_WARN_DIRECT_OBJC_ISA_USAGE = YES_ERROR;
				CLANG_WARN_EMPTY_BODY = YES;
				CLANG_WARN_ENUM_CONVERSION = YES;
				CLANG_WARN_INT_CONVERSION = YES;
				CLANG_WARN_OBJC_ROOT_CLASS = YES_ERROR;
				CLANG_WARN__DUPLICATE_METHOD_MATCH = YES;
				COPY_PHASE_STRIP = NO;
				GCC_C_LANGUAGE_STANDARD = gnu99;
				GCC_DYNAMIC_NO_PIC = NO;
				GCC_OPTIMIZATION_LEVEL = 0;
				GCC_PREPROCESSOR_DEFINITIONS = (
					"DEBUG=1",
					"$(inherited)",
				);
				GCC_SYMBOLS_PRIVATE_EXTERN = NO;
				GCC_WARN_64_TO_32_BIT_CONVERSION = YES;
				GCC_WARN_ABOUT_RETURN_TYPE = YES_ERROR;
				GCC_WARN_UNDECLARED_SELECTOR = YES;
				GCC_WARN_UNINITIALIZED_AUTOS = YES_AGGRESSIVE;
				GCC_WARN_UNUSED_FUNCTION = YES;
				GCC_WARN_UNUSED_VARIABLE = YES;
				IPHONEOS_DEPLOYMENT_TARGET = 7.0;
				ONLY_ACTIVE_ARCH = YES;
				SDKROOT = iphoneos;
			};
			name = Debug;
		};
		CE6B6518195907FD00A79407 /* Release */ = {
			isa = XCBuildConfiguration;
			buildSettings = {
				ALWAYS_SEARCH_USER_PATHS = NO;
				CLANG_CXX_LANGUAGE_STANDARD = "gnu++0x";
				CLANG_CXX_LIBRARY = "libc++";
				CLANG_ENABLE_MODULES = YES;
				CLANG_ENABLE_OBJC_ARC = YES;
				CLANG_MODULES_AUTOLINK = NO;
				CLANG_WARN_BOOL_CONVERSION = YES;
				CLANG_WARN_CONSTANT_CONVERSION = YES;
				CLANG_WARN_DIRECT_OBJC_ISA_USAGE = YES_ERROR;
				CLANG_WARN_EMPTY_BODY = YES;
				CLANG_WARN_ENUM_CONVERSION = YES;
				CLANG_WARN_INT_CONVERSION = YES;
				CLANG_WARN_OBJC_ROOT_CLASS = YES_ERROR;
				CLANG_WARN__DUPLICATE_METHOD_MATCH = YES;
				COPY_PHASE_STRIP = YES;
				ENABLE_NS_ASSERTIONS = NO;
				GCC_C_LANGUAGE_STANDARD = gnu99;
				GCC_WARN_64_TO_32_BIT_CONVERSION = YES;
				GCC_WARN_ABOUT_RETURN_TYPE = YES_ERROR;
				GCC_WARN_UNDECLARED_SELECTOR = YES;
				GCC_WARN_UNINITIALIZED_AUTOS = YES_AGGRESSIVE;
				GCC_WARN_UNUSED_FUNCTION = YES;
				GCC_WARN_UNUSED_VARIABLE = YES;
				IPHONEOS_DEPLOYMENT_TARGET = 7.0;
				SDKROOT = iphoneos;
				VALIDATE_PRODUCT = YES;
			};
			name = Release;
		};
		CE6B651A195907FD00A79407 /* Debug */ = {
			isa = XCBuildConfiguration;
			baseConfigurationReference = 9AD32F920757FD1B6EB1CE95 /* Pods.debug.xcconfig */;
			buildSettings = {
				CLANG_MODULES_AUTOLINK = NO;
				DSTROOT = /tmp/AWSiOSSDKCognitoSync.dst;
				GCC_PRECOMPILE_PREFIX_HEADER = YES;
				GCC_PREFIX_HEADER = "AWSiOSSDKCognitoSync/AWSiOSSDKCognitoSync-Prefix.pch";
				LIBRARY_SEARCH_PATHS = (
					"$(inherited)",
					"$(PROJECT_DIR)/Pods/build/Debug-iphoneos",
				);
				OTHER_LDFLAGS = "";
				PRODUCT_NAME = "$(TARGET_NAME)";
				SKIP_INSTALL = YES;
			};
			name = Debug;
		};
		CE6B651B195907FD00A79407 /* Release */ = {
			isa = XCBuildConfiguration;
			baseConfigurationReference = BDBCADE00CC979EA54574528 /* Pods.release.xcconfig */;
			buildSettings = {
				CLANG_MODULES_AUTOLINK = NO;
				DSTROOT = /tmp/AWSiOSSDKCognitoSync.dst;
				GCC_PRECOMPILE_PREFIX_HEADER = YES;
				GCC_PREFIX_HEADER = "AWSiOSSDKCognitoSync/AWSiOSSDKCognitoSync-Prefix.pch";
				LIBRARY_SEARCH_PATHS = (
					"$(inherited)",
					"$(PROJECT_DIR)/Pods/build/Debug-iphoneos",
				);
				OTHER_LDFLAGS = "";
				PRODUCT_NAME = "$(TARGET_NAME)";
				SKIP_INSTALL = YES;
			};
			name = Release;
		};
		CE6B651D195907FD00A79407 /* Debug */ = {
			isa = XCBuildConfiguration;
			buildSettings = {
				FRAMEWORK_SEARCH_PATHS = (
					"$(SDKROOT)/Developer/Library/Frameworks",
					"$(inherited)",
					"$(DEVELOPER_FRAMEWORKS_DIR)",
				);
				GCC_PRECOMPILE_PREFIX_HEADER = YES;
				GCC_PREFIX_HEADER = "AWSiOSSDKCognitoSyncTests/AWSiOSSDKCognitoSyncTests-Prefix.pch";
				GCC_PREPROCESSOR_DEFINITIONS = (
					"DEBUG=1",
					"$(inherited)",
				);
				HEADER_SEARCH_PATHS = (
					"$(inherited)",
					/Applications/Xcode.app/Contents/Developer/Toolchains/XcodeDefault.xctoolchain/usr/include,
					"${SRCROOT}/Pods/Headers/**",
				);
				INFOPLIST_FILE = "AWSiOSSDKCognitoSyncTests/AWSiOSSDKCognitoSyncTests-Info.plist";
				LIBRARY_SEARCH_PATHS = (
					"$(inherited)",
					"$(PROJECT_DIR)/Pods/build/Debug-iphoneos",
				);
				OTHER_LDFLAGS = (
					"$(inherited)",
					"-framework",
					XCTest,
					"-ObjC",
					"-l\"Pods-Bolts\"",
					"-l\"Pods-FMDB\"",
					"-l\"Pods-GZIP\"",
					"-l\"Pods-Mantle\"",
					"-l\"Pods-Reachability\"",
					"-l\"Pods-TMCache\"",
					"-l\"Pods-UICKeyChainStore\"",
					"-l\"Pods-XMLDictionary\"",
					"-l\"Pods-AWSiOSSDKv2\"",
					"-framework",
					"\"Foundation\"",
					"-framework",
					"\"Security\"",
					"-framework",
					"\"SystemConfiguration\"",
					"-weak_framework",
					"\"UIKit\"",
				);
				PRODUCT_NAME = "$(TARGET_NAME)";
				WRAPPER_EXTENSION = xctest;
			};
			name = Debug;
		};
		CE6B651E195907FD00A79407 /* Release */ = {
			isa = XCBuildConfiguration;
			buildSettings = {
				FRAMEWORK_SEARCH_PATHS = (
					"$(SDKROOT)/Developer/Library/Frameworks",
					"$(inherited)",
					"$(DEVELOPER_FRAMEWORKS_DIR)",
				);
				GCC_PRECOMPILE_PREFIX_HEADER = YES;
				GCC_PREFIX_HEADER = "AWSiOSSDKCognitoSyncTests/AWSiOSSDKCognitoSyncTests-Prefix.pch";
				HEADER_SEARCH_PATHS = (
					"$(inherited)",
					/Applications/Xcode.app/Contents/Developer/Toolchains/XcodeDefault.xctoolchain/usr/include,
					"${SRCROOT}/Pods/Headers/**",
				);
				INFOPLIST_FILE = "AWSiOSSDKCognitoSyncTests/AWSiOSSDKCognitoSyncTests-Info.plist";
				LIBRARY_SEARCH_PATHS = (
					"$(inherited)",
					"$(PROJECT_DIR)/Pods/build/Debug-iphoneos",
				);
				OTHER_LDFLAGS = (
					"$(inherited)",
					"-framework",
					XCTest,
					"-ObjC",
					"-l\"Pods-Bolts\"",
					"-l\"Pods-FMDB\"",
					"-l\"Pods-GZIP\"",
					"-l\"Pods-Mantle\"",
					"-l\"Pods-Reachability\"",
					"-l\"Pods-TMCache\"",
					"-l\"Pods-UICKeyChainStore\"",
					"-l\"Pods-XMLDictionary\"",
					"-l\"Pods-AWSiOSSDKv2\"",
					"-framework",
					"\"Foundation\"",
					"-framework",
					"\"Security\"",
					"-framework",
					"\"SystemConfiguration\"",
					"-weak_framework",
					"\"UIKit\"",
				);
				PRODUCT_NAME = "$(TARGET_NAME)";
				WRAPPER_EXTENSION = xctest;
			};
			name = Release;
		};
/* End XCBuildConfiguration section */

/* Begin XCConfigurationList section */
		CE6B64F1195907FD00A79407 /* Build configuration list for PBXProject "AWSiOSSDKCognitoSync" */ = {
			isa = XCConfigurationList;
			buildConfigurations = (
				CE6B6517195907FD00A79407 /* Debug */,
				CE6B6518195907FD00A79407 /* Release */,
			);
			defaultConfigurationIsVisible = 0;
			defaultConfigurationName = Release;
		};
		CE6B6519195907FD00A79407 /* Build configuration list for PBXNativeTarget "AWSiOSSDKCognitoSync" */ = {
			isa = XCConfigurationList;
			buildConfigurations = (
				CE6B651A195907FD00A79407 /* Debug */,
				CE6B651B195907FD00A79407 /* Release */,
			);
			defaultConfigurationIsVisible = 0;
			defaultConfigurationName = Release;
		};
		CE6B651C195907FD00A79407 /* Build configuration list for PBXNativeTarget "AWSiOSSDKCognitoSyncTests" */ = {
			isa = XCConfigurationList;
			buildConfigurations = (
				CE6B651D195907FD00A79407 /* Debug */,
				CE6B651E195907FD00A79407 /* Release */,
			);
			defaultConfigurationIsVisible = 0;
			defaultConfigurationName = Release;
		};
/* End XCConfigurationList section */
	};
	rootObject = CE6B64EE195907FD00A79407 /* Project object */;
}
